
Microsoft Visual Studio Solution File, Format Version 12.00
# Visual Studio Version 16
VisualStudioVersion = 16.0.31129.286
MinimumVisualStudioVersion = 10.0.40219.1
Project("{8BC9CEB8-8B4A-11D0-8D11-00A0C91BC942}") = "4.28", "4.28.vcxproj", "{CE0AE137-69AC-41FA-A6A0-FE0F3EDC63C4}"
EndProject
Global
	GlobalSection(SolutionConfigurationPlatforms) = preSolution
		Debug|x64 = Debug|x64
		Debug|x86 = Debug|x86
		Release|x64 = Release|x64
		Release|x86 = Release|x86
	EndGlobalSection
	GlobalSection(ProjectConfigurationPlatforms) = postSolution
		{CE0AE137-69AC-41FA-A6A0-FE0F3EDC63C4}.Debug|x64.ActiveCfg = Debug|x64
		{CE0AE137-69AC-41FA-A6A0-FE0F3EDC63C4}.Debug|x64.Build.0 = Debug|x64
		{CE0AE137-69AC-41FA-A6A0-FE0F3EDC63C4}.Debug|x86.ActiveCfg = Debug|Win32
		{CE0AE137-69AC-41FA-A6A0-FE0F3EDC63C4}.Debug|x86.Build.0 = Debug|Win32
		{CE0AE137-69AC-41FA-A6A0-FE0F3EDC63C4}.Release|x64.ActiveCfg = Release|x64
		{CE0AE137-69AC-41FA-A6A0-FE0F3EDC63C4}.Release|x64.Build.0 = Release|x64
		{CE0AE137-69AC-41FA-A6A0-FE0F3EDC63C4}.Release|x86.ActiveCfg = Release|Win32
		{CE0AE137-69AC-41FA-A6A0-FE0F3EDC63C4}.Release|x86.Build.0 = Release|Win32
	EndGlobalSection
	GlobalSection(SolutionProperties) = preSolution
		HideSolutionNode = FALSE
	EndGlobalSection
	GlobalSection(ExtensibilityGlobals) = postSolution
		SolutionGuid = {B85627DA-936C-4697-A4CC-2F261AD41BB6}
	EndGlobalSection
EndGlobal
