
Microsoft Visual Studio Solution File, Format Version 12.00
# Visual Studio Version 16
VisualStudioVersion = 16.0.31129.286
MinimumVisualStudioVersion = 10.0.40219.1
Project("{8BC9CEB8-8B4A-11D0-8D11-00A0C91BC942}") = "4_30 practice", "4_30 practice.vcxproj", "{771D4132-47A6-4AD5-A334-0221F58BCA56}"
EndProject
Global
	GlobalSection(SolutionConfigurationPlatforms) = preSolution
		Debug|x64 = Debug|x64
		Debug|x86 = Debug|x86
		Release|x64 = Release|x64
		Release|x86 = Release|x86
	EndGlobalSection
	GlobalSection(ProjectConfigurationPlatforms) = postSolution
		{771D4132-47A6-4AD5-A334-0221F58BCA56}.Debug|x64.ActiveCfg = Debug|x64
		{771D4132-47A6-4AD5-A334-0221F58BCA56}.Debug|x64.Build.0 = Debug|x64
		{771D4132-47A6-4AD5-A334-0221F58BCA56}.Debug|x86.ActiveCfg = Debug|Win32
		{771D4132-47A6-4AD5-A334-0221F58BCA56}.Debug|x86.Build.0 = Debug|Win32
		{771D4132-47A6-4AD5-A334-0221F58BCA56}.Release|x64.ActiveCfg = Release|x64
		{771D4132-47A6-4AD5-A334-0221F58BCA56}.Release|x64.Build.0 = Release|x64
		{771D4132-47A6-4AD5-A334-0221F58BCA56}.Release|x86.ActiveCfg = Release|Win32
		{771D4132-47A6-4AD5-A334-0221F58BCA56}.Release|x86.Build.0 = Release|Win32
	EndGlobalSection
	GlobalSection(SolutionProperties) = preSolution
		HideSolutionNode = FALSE
	EndGlobalSection
	GlobalSection(ExtensibilityGlobals) = postSolution
		SolutionGuid = {1A73220C-C5AA-4992-B165-C219FDC913D4}
	EndGlobalSection
EndGlobal
