
Microsoft Visual Studio Solution File, Format Version 12.00
# Visual Studio Version 16
VisualStudioVersion = 16.0.31129.286
MinimumVisualStudioVersion = 10.0.40219.1
Project("{8BC9CEB8-8B4A-11D0-8D11-00A0C91BC942}") = "5_5pranctice", "5_5pranctice.vcxproj", "{5820D1FC-9F15-46C2-A2FD-9583047CB777}"
EndProject
Global
	GlobalSection(SolutionConfigurationPlatforms) = preSolution
		Debug|x64 = Debug|x64
		Debug|x86 = Debug|x86
		Release|x64 = Release|x64
		Release|x86 = Release|x86
	EndGlobalSection
	GlobalSection(ProjectConfigurationPlatforms) = postSolution
		{5820D1FC-9F15-46C2-A2FD-9583047CB777}.Debug|x64.ActiveCfg = Debug|x64
		{5820D1FC-9F15-46C2-A2FD-9583047CB777}.Debug|x64.Build.0 = Debug|x64
		{5820D1FC-9F15-46C2-A2FD-9583047CB777}.Debug|x86.ActiveCfg = Debug|Win32
		{5820D1FC-9F15-46C2-A2FD-9583047CB777}.Debug|x86.Build.0 = Debug|Win32
		{5820D1FC-9F15-46C2-A2FD-9583047CB777}.Release|x64.ActiveCfg = Release|x64
		{5820D1FC-9F15-46C2-A2FD-9583047CB777}.Release|x64.Build.0 = Release|x64
		{5820D1FC-9F15-46C2-A2FD-9583047CB777}.Release|x86.ActiveCfg = Release|Win32
		{5820D1FC-9F15-46C2-A2FD-9583047CB777}.Release|x86.Build.0 = Release|Win32
	EndGlobalSection
	GlobalSection(SolutionProperties) = preSolution
		HideSolutionNode = FALSE
	EndGlobalSection
	GlobalSection(ExtensibilityGlobals) = postSolution
		SolutionGuid = {65766578-686B-41A3-BC6D-8540002F8902}
	EndGlobalSection
EndGlobal
