
Microsoft Visual Studio Solution File, Format Version 12.00
# Visual Studio Version 16
VisualStudioVersion = 16.0.31129.286
MinimumVisualStudioVersion = 10.0.40219.1
Project("{8BC9CEB8-8B4A-11D0-8D11-00A0C91BC942}") = "5_9practice", "5_9practice.vcxproj", "{0457EF72-B6EE-4537-ADD1-C40FEB101187}"
EndProject
Global
	GlobalSection(SolutionConfigurationPlatforms) = preSolution
		Debug|x64 = Debug|x64
		Debug|x86 = Debug|x86
		Release|x64 = Release|x64
		Release|x86 = Release|x86
	EndGlobalSection
	GlobalSection(ProjectConfigurationPlatforms) = postSolution
		{0457EF72-B6EE-4537-ADD1-C40FEB101187}.Debug|x64.ActiveCfg = Debug|x64
		{0457EF72-B6EE-4537-ADD1-C40FEB101187}.Debug|x64.Build.0 = Debug|x64
		{0457EF72-B6EE-4537-ADD1-C40FEB101187}.Debug|x86.ActiveCfg = Debug|Win32
		{0457EF72-B6EE-4537-ADD1-C40FEB101187}.Debug|x86.Build.0 = Debug|Win32
		{0457EF72-B6EE-4537-ADD1-C40FEB101187}.Release|x64.ActiveCfg = Release|x64
		{0457EF72-B6EE-4537-ADD1-C40FEB101187}.Release|x64.Build.0 = Release|x64
		{0457EF72-B6EE-4537-ADD1-C40FEB101187}.Release|x86.ActiveCfg = Release|Win32
		{0457EF72-B6EE-4537-ADD1-C40FEB101187}.Release|x86.Build.0 = Release|Win32
	EndGlobalSection
	GlobalSection(SolutionProperties) = preSolution
		HideSolutionNode = FALSE
	EndGlobalSection
	GlobalSection(ExtensibilityGlobals) = postSolution
		SolutionGuid = {E8D01FAC-8F60-450B-86E1-B93ACC979BAA}
	EndGlobalSection
EndGlobal
